
Microsoft Visual Studio Solution File, Format Version 12.00
# Visual Studio Version 17
VisualStudioVersion = 17.14.36518.9 d17.14
MinimumVisualStudioVersion = 10.0.40219.1
Project("{FAE04EC0-301F-11D3-BF4B-00C04F79EFBC}") = "CarService.Models", "CarService.Models.csproj", "{806AFCC2-F3AA-F5C1-DAC9-09D7647230C8}"
EndProject
Project("{FAE04EC0-301F-11D3-BF4B-00C04F79EFBC}") = "CarService.DataLayer", "..\CarService.DataLayer\CarService.DataLayer.csproj", "{D7CEE230-FACC-F5E8-9B0A-F312A8C7917D}"
EndProject
Project("{FAE04EC0-301F-11D3-BF4B-00C04F79EFBC}") = "CarService.BL", "..\CarService.BL\CarService.BL.csproj", "{4E2EAF6E-B412-47D6-C7BA-3B1620E7CC8A}"
EndProject
Project("{FAE04EC0-301F-11D3-BF4B-00C04F79EFBC}") = "CarService.Host", "..\CarService.Host\CarService.Host.csproj", "{9CEE5825-D1CE-6991-D452-D1F42E6EAAF7}"
EndProject
Global
	GlobalSection(SolutionConfigurationPlatforms) = preSolution
		Debug|Any CPU = Debug|Any CPU
		Release|Any CPU = Release|Any CPU
	EndGlobalSection
	GlobalSection(ProjectConfigurationPlatforms) = postSolution
		{806AFCC2-F3AA-F5C1-DAC9-09D7647230C8}.Debug|Any CPU.ActiveCfg = Debug|Any CPU
		{806AFCC2-F3AA-F5C1-DAC9-09D7647230C8}.Debug|Any CPU.Build.0 = Debug|Any CPU
		{806AFCC2-F3AA-F5C1-DAC9-09D7647230C8}.Release|Any CPU.ActiveCfg = Release|Any CPU
		{806AFCC2-F3AA-F5C1-DAC9-09D7647230C8}.Release|Any CPU.Build.0 = Release|Any CPU
		{D7CEE230-FACC-F5E8-9B0A-F312A8C7917D}.Debug|Any CPU.ActiveCfg = Debug|Any CPU
		{D7CEE230-FACC-F5E8-9B0A-F312A8C7917D}.Debug|Any CPU.Build.0 = Debug|Any CPU
		{D7CEE230-FACC-F5E8-9B0A-F312A8C7917D}.Release|Any CPU.ActiveCfg = Release|Any CPU
		{D7CEE230-FACC-F5E8-9B0A-F312A8C7917D}.Release|Any CPU.Build.0 = Release|Any CPU
		{4E2EAF6E-B412-47D6-C7BA-3B1620E7CC8A}.Debug|Any CPU.ActiveCfg = Debug|Any CPU
		{4E2EAF6E-B412-47D6-C7BA-3B1620E7CC8A}.Debug|Any CPU.Build.0 = Debug|Any CPU
		{4E2EAF6E-B412-47D6-C7BA-3B1620E7CC8A}.Release|Any CPU.ActiveCfg = Release|Any CPU
		{4E2EAF6E-B412-47D6-C7BA-3B1620E7CC8A}.Release|Any CPU.Build.0 = Release|Any CPU
		{9CEE5825-D1CE-6991-D452-D1F42E6EAAF7}.Debug|Any CPU.ActiveCfg = Debug|Any CPU
		{9CEE5825-D1CE-6991-D452-D1F42E6EAAF7}.Debug|Any CPU.Build.0 = Debug|Any CPU
		{9CEE5825-D1CE-6991-D452-D1F42E6EAAF7}.Release|Any CPU.ActiveCfg = Release|Any CPU
		{9CEE5825-D1CE-6991-D452-D1F42E6EAAF7}.Release|Any CPU.Build.0 = Release|Any CPU
	EndGlobalSection
	GlobalSection(SolutionProperties) = preSolution
		HideSolutionNode = FALSE
	EndGlobalSection
	GlobalSection(ExtensibilityGlobals) = postSolution
		SolutionGuid = {4190804A-B8B8-4D43-B057-E87DEDAB85C5}
	EndGlobalSection
EndGlobal
